
Microsoft Visual Studio Solution File, Format Version 12.00
# Visual Studio Version 17
VisualStudioVersion = 17.14.37111.16 d17.14
MinimumVisualStudioVersion = 10.0.40219.1
Project("{FAE04EC0-301F-11D3-BF4B-00C04F79EFBC}") = "CalculadoraSimplesEmC#", "CalculadoraSimplesEmC#\CalculadoraSimplesEmC#.csproj", "{96F77109-3460-4C3A-8718-44764C543422}"
EndProject
Global
	GlobalSection(SolutionConfigurationPlatforms) = preSolution
		Debug|Any CPU = Debug|Any CPU
		Release|Any CPU = Release|Any CPU
	EndGlobalSection
	GlobalSection(ProjectConfigurationPlatforms) = postSolution
		{96F77109-3460-4C3A-8718-44764C543422}.Debug|Any CPU.ActiveCfg = Debug|Any CPU
		{96F77109-3460-4C3A-8718-44764C543422}.Debug|Any CPU.Build.0 = Debug|Any CPU
		{96F77109-3460-4C3A-8718-44764C543422}.Release|Any CPU.ActiveCfg = Release|Any CPU
		{96F77109-3460-4C3A-8718-44764C543422}.Release|Any CPU.Build.0 = Release|Any CPU
	EndGlobalSection
	GlobalSection(SolutionProperties) = preSolution
		HideSolutionNode = FALSE
	EndGlobalSection
	GlobalSection(ExtensibilityGlobals) = postSolution
		SolutionGuid = {0037290E-5F67-4A3D-829B-D809F5815129}
	EndGlobalSection
EndGlobal
